// !$*UTF8*$!
{
	archiveVersion = 1;
	classes = {
	};
	objectVersion = 56;
	objects = {

/* Begin PBXBuildFile section */
		940D67862DBB5E07008F3ADE /* Theme.swift in Sources */ = {isa = PBXBuildFile; fileRef = 940D67852DBB5E05008F3ADE /* Theme.swift */; };
		9413B1F52DC53D7C00DD67B4 /* AspectVGrid.swift in Sources */ = {isa = PBXBuildFile; fileRef = 9413B1F42DC53D7C00DD67B4 /* AspectVGrid.swift */; };
		9413B1FB2DC59B2E00DD67B4 /* CardView.swift in Sources */ = {isa = PBXBuildFile; fileRef = 9413B1FA2DC59B2E00DD67B4 /* CardView.swift */; };
		9413B1FD2DC67B3900DD67B4 /* Pie.swift in Sources */ = {isa = PBXBuildFile; fileRef = 9413B1FC2DC67B2B00DD67B4 /* Pie.swift */; };
		9413B1FF2DC684F700DD67B4 /* Cardify.swift in Sources */ = {isa = PBXBuildFile; fileRef = 9413B1FE2DC684F400DD67B4 /* Cardify.swift */; };
		9413B2842DCC19FF00DD67B4 /* FlyingNumber.swift in Sources */ = {isa = PBXBuildFile; fileRef = 9413B2832DCC19FF00DD67B4 /* FlyingNumber.swift */; };
		941EBFC62B37C57000F15663 /* MemorizeApp.swift in Sources */ = {isa = PBXBuildFile; fileRef = 941EBFC52B37C57000F15663 /* MemorizeApp.swift */; };
		941EBFC82B37C57000F15663 /* EmojiMemoryGameView.swift in Sources */ = {isa = PBXBuildFile; fileRef = 941EBFC72B37C57000F15663 /* EmojiMemoryGameView.swift */; };
		941EBFCA2B37C57100F15663 /* Assets.xcassets in Resources */ = {isa = PBXBuildFile; fileRef = 941EBFC92B37C57100F15663 /* Assets.xcassets */; };
		941EBFCD2B37C57100F15663 /* Preview Assets.xcassets in Resources */ = {isa = PBXBuildFile; fileRef = 941EBFCC2B37C57100F15663 /* Preview Assets.xcassets */; };
		945A58662D82A5C50071619B /* MemoryGame.swift in Sources */ = {isa = PBXBuildFile; fileRef = 945A58652D82A5C50071619B /* MemoryGame.swift */; };
		945A58682D82A7830071619B /* EmojiMemoryGame.swift in Sources */ = {isa = PBXBuildFile; fileRef = 945A58672D82A7830071619B /* EmojiMemoryGame.swift */; };
		94EC77D12DC444E70038C83C /* ThemeStore.swift in Sources */ = {isa = PBXBuildFile; fileRef = 94EC77D02DC444E30038C83C /* ThemeStore.swift */; };
/* End PBXBuildFile section */

/* Begin PBXFileReference section */
		940D67852DBB5E05008F3ADE /* Theme.swift */ = {isa = PBXFileReference; lastKnownFileType = sourcecode.swift; path = Theme.swift; sourceTree = "<group>"; };
		9413B1F42DC53D7C00DD67B4 /* AspectVGrid.swift */ = {isa = PBXFileReference; lastKnownFileType = sourcecode.swift; path = AspectVGrid.swift; sourceTree = "<group>"; };
		9413B1FA2DC59B2E00DD67B4 /* CardView.swift */ = {isa = PBXFileReference; lastKnownFileType = sourcecode.swift; path = CardView.swift; sourceTree = "<group>"; };
		9413B1FC2DC67B2B00DD67B4 /* Pie.swift */ = {isa = PBXFileReference; lastKnownFileType = sourcecode.swift; path = Pie.swift; sourceTree = "<group>"; };
		9413B1FE2DC684F400DD67B4 /* Cardify.swift */ = {isa = PBXFileReference; lastKnownFileType = sourcecode.swift; path = Cardify.swift; sourceTree = "<group>"; };
		9413B2832DCC19FF00DD67B4 /* FlyingNumber.swift */ = {isa = PBXFileReference; lastKnownFileType = sourcecode.swift; path = FlyingNumber.swift; sourceTree = "<group>"; };
		941EBFC22B37C57000F15663 /* Memorize.app */ = {isa = PBXFileReference; explicitFileType = wrapper.application; includeInIndex = 0; path = Memorize.app; sourceTree = BUILT_PRODUCTS_DIR; };
		941EBFC52B37C57000F15663 /* MemorizeApp.swift */ = {isa = PBXFileReference; lastKnownFileType = sourcecode.swift; path = MemorizeApp.swift; sourceTree = "<group>"; };
		941EBFC72B37C57000F15663 /* EmojiMemoryGameView.swift */ = {isa = PBXFileReference; lastKnownFileType = sourcecode.swift; path = EmojiMemoryGameView.swift; sourceTree = "<group>"; };
		941EBFC92B37C57100F15663 /* Assets.xcassets */ = {isa = PBXFileReference; lastKnownFileType = folder.assetcatalog; path = Assets.xcassets; sourceTree = "<group>"; };
		941EBFCC2B37C57100F15663 /* Preview Assets.xcassets */ = {isa = PBXFileReference; lastKnownFileType = folder.assetcatalog; path = "Preview Assets.xcassets"; sourceTree = "<group>"; };
		945A58652D82A5C50071619B /* MemoryGame.swift */ = {isa = PBXFileReference; lastKnownFileType = sourcecode.swift; path = MemoryGame.swift; sourceTree = "<group>"; };
		945A58672D82A7830071619B /* EmojiMemoryGame.swift */ = {isa = PBXFileReference; lastKnownFileType = sourcecode.swift; path = EmojiMemoryGame.swift; sourceTree = "<group>"; };
		94EC77D02DC444E30038C83C /* ThemeStore.swift */ = {isa = PBXFileReference; lastKnownFileType = sourcecode.swift; path = ThemeStore.swift; sourceTree = "<group>"; };
/* End PBXFileReference section */

/* Begin PBXFrameworksBuildPhase section */
		941EBFBF2B37C57000F15663 /* Frameworks */ = {
			isa = PBXFrameworksBuildPhase;
			buildActionMask = 2147483647;
			files = (
			);
			runOnlyForDeploymentPostprocessing = 0;
		};
/* End PBXFrameworksBuildPhase section */

/* Begin PBXGroup section */
		941EBFB92B37C57000F15663 = {
			isa = PBXGroup;
			children = (
				941EBFC42B37C57000F15663 /* Memorize */,
				941EBFC32B37C57000F15663 /* Products */,
			);
			sourceTree = "<group>";
		};
		941EBFC32B37C57000F15663 /* Products */ = {
			isa = PBXGroup;
			children = (
				941EBFC22B37C57000F15663 /* Memorize.app */,
			);
			name = Products;
			sourceTree = "<group>";
		};
		941EBFC42B37C57000F15663 /* Memorize */ = {
			isa = PBXGroup;
			children = (
				941EBFC52B37C57000F15663 /* MemorizeApp.swift */,
				941EBFC72B37C57000F15663 /* EmojiMemoryGameView.swift */,
				9413B2832DCC19FF00DD67B4 /* FlyingNumber.swift */,
				9413B1FA2DC59B2E00DD67B4 /* CardView.swift */,
				9413B1FE2DC684F400DD67B4 /* Cardify.swift */,
				9413B1FC2DC67B2B00DD67B4 /* Pie.swift */,
				945A58652D82A5C50071619B /* MemoryGame.swift */,
				9413B1F42DC53D7C00DD67B4 /* AspectVGrid.swift */,
				940D67852DBB5E05008F3ADE /* Theme.swift */,
				94EC77D02DC444E30038C83C /* ThemeStore.swift */,
				945A58672D82A7830071619B /* EmojiMemoryGame.swift */,
				941EBFC92B37C57100F15663 /* Assets.xcassets */,
				941EBFCB2B37C57100F15663 /* Preview Content */,
			);
			path = Memorize;
			sourceTree = "<group>";
		};
		941EBFCB2B37C57100F15663 /* Preview Content */ = {
			isa = PBXGroup;
			children = (
				941EBFCC2B37C57100F15663 /* Preview Assets.xcassets */,
			);
			path = "Preview Content";
			sourceTree = "<group>";
		};
/* End PBXGroup section */

/* Begin PBXNativeTarget section */
		941EBFC12B37C57000F15663 /* Memorize */ = {
			isa = PBXNativeTarget;
			buildConfigurationList = 941EBFD02B37C57100F15663 /* Build configuration list for PBXNativeTarget "Memorize" */;
			buildPhases = (
				941EBFBE2B37C57000F15663 /* Sources */,
				941EBFBF2B37C57000F15663 /* Frameworks */,
				941EBFC02B37C57000F15663 /* Resources */,
			);
			buildRules = (
			);
			dependencies = (
			);
			name = Memorize;
			productName = Memorize;
			productReference = 941EBFC22B37C57000F15663 /* Memorize.app */;
			productType = "com.apple.product-type.application";
		};
/* End PBXNativeTarget section */

/* Begin PBXProject section */
		941EBFBA2B37C57000F15663 /* Project object */ = {
			isa = PBXProject;
			attributes = {
				BuildIndependentTargetsInParallel = 1;
				LastSwiftUpdateCheck = 1520;
				LastUpgradeCheck = 1630;
				TargetAttributes = {
					941EBFC12B37C57000F15663 = {
						CreatedOnToolsVersion = 15.2;
					};
				};
			};
			buildConfigurationList = 941EBFBD2B37C57000F15663 /* Build configuration list for PBXProject "Memorize" */;
			compatibilityVersion = "Xcode 14.0";
			developmentRegion = en;
			hasScannedForEncodings = 0;
			knownRegions = (
				en,
				Base,
			);
			mainGroup = 941EBFB92B37C57000F15663;
			productRefGroup = 941EBFC32B37C57000F15663 /* Products */;
			projectDirPath = "";
			projectRoot = "";
			targets = (
				941EBFC12B37C57000F15663 /* Memorize */,
			);
		};
/* End PBXProject section */

/* Begin PBXResourcesBuildPhase section */
		941EBFC02B37C57000F15663 /* Resources */ = {
			isa = PBXResourcesBuildPhase;
			buildActionMask = 2147483647;
			files = (
				941EBFCD2B37C57100F15663 /* Preview Assets.xcassets in Resources */,
				941EBFCA2B37C57100F15663 /* Assets.xcassets in Resources */,
			);
			runOnlyForDeploymentPostprocessing = 0;
		};
/* End PBXResourcesBuildPhase section */

/* Begin PBXSourcesBuildPhase section */
		941EBFBE2B37C57000F15663 /* Sources */ = {
			isa = PBXSourcesBuildPhase;
			buildActionMask = 2147483647;
			files = (
				941EBFC82B37C57000F15663 /* EmojiMemoryGameView.swift in Sources */,
				94EC77D12DC444E70038C83C /* ThemeStore.swift in Sources */,
				9413B1F52DC53D7C00DD67B4 /* AspectVGrid.swift in Sources */,
				9413B1FD2DC67B3900DD67B4 /* Pie.swift in Sources */,
				941EBFC62B37C57000F15663 /* MemorizeApp.swift in Sources */,
				9413B2842DCC19FF00DD67B4 /* FlyingNumber.swift in Sources */,
				940D67862DBB5E07008F3ADE /* Theme.swift in Sources */,
				945A58662D82A5C50071619B /* MemoryGame.swift in Sources */,
				9413B1FB2DC59B2E00DD67B4 /* CardView.swift in Sources */,
				9413B1FF2DC684F700DD67B4 /* Cardify.swift in Sources */,
				945A58682D82A7830071619B /* EmojiMemoryGame.swift in Sources */,
			);
			runOnlyForDeploymentPostprocessing = 0;
		};
/* End PBXSourcesBuildPhase section */

/* Begin XCBuildConfiguration section */
		941EBFCE2B37C57100F15663 /* Debug */ = {
			isa = XCBuildConfiguration;
			buildSettings = {
				ALWAYS_SEARCH_USER_PATHS = NO;
				ASSETCATALOG_COMPILER_GENERATE_SWIFT_ASSET_SYMBOL_EXTENSIONS = YES;
				CLANG_ANALYZER_NONNULL = YES;
				CLANG_ANALYZER_NUMBER_OBJECT_CONVERSION = YES_AGGRESSIVE;
				CLANG_CXX_LANGUAGE_STANDARD = "gnu++20";
				CLANG_ENABLE_MODULES = YES;
				CLANG_ENABLE_OBJC_ARC = YES;
				CLANG_ENABLE_OBJC_WEAK = YES;
				CLANG_WARN_BLOCK_CAPTURE_AUTORELEASING = YES;
				CLANG_WARN_BOOL_CONVERSION = YES;
				CLANG_WARN_COMMA = YES;
				CLANG_WARN_CONSTANT_CONVERSION = YES;
				CLANG_WARN_DEPRECATED_OBJC_IMPLEMENTATIONS = YES;
				CLANG_WARN_DIRECT_OBJC_ISA_USAGE = YES_ERROR;
				CLANG_WARN_DOCUMENTATION_COMMENTS = YES;
				CLANG_WARN_EMPTY_BODY = YES;
				CLANG_WARN_ENUM_CONVERSION = YES;
				CLANG_WARN_INFINITE_RECURSION = YES;
				CLANG_WARN_INT_CONVERSION = YES;
				CLANG_WARN_NON_LITERAL_NULL_CONVERSION = YES;
				CLANG_WARN_OBJC_IMPLICIT_RETAIN_SELF = YES;
				CLANG_WARN_OBJC_LITERAL_CONVERSION = YES;
				CLANG_WARN_OBJC_ROOT_CLASS = YES_ERROR;
				CLANG_WARN_QUOTED_INCLUDE_IN_FRAMEWORK_HEADER = YES;
				CLANG_WARN_RANGE_LOOP_ANALYSIS = YES;
				CLANG_WARN_STRICT_PROTOTYPES = YES;
				CLANG_WARN_SUSPICIOUS_MOVE = YES;
				CLANG_WARN_UNGUARDED_AVAILABILITY = YES_AGGRESSIVE;
				CLANG_WARN_UNREACHABLE_CODE = YES;
				CLANG_WARN__DUPLICATE_METHOD_MATCH = YES;
				COPY_PHASE_STRIP = NO;
				DEBUG_INFORMATION_FORMAT = dwarf;
				DEVELOPMENT_TEAM = N2AGHPAQM7;
				ENABLE_STRICT_OBJC_MSGSEND = YES;
				ENABLE_TESTABILITY = YES;
				ENABLE_USER_SCRIPT_SANDBOXING = YES;
				GCC_C_LANGUAGE_STANDARD = gnu17;
				GCC_DYNAMIC_NO_PIC = NO;
				GCC_NO_COMMON_BLOCKS = YES;
				GCC_OPTIMIZATION_LEVEL = 0;
				GCC_PREPROCESSOR_DEFINITIONS = (
					"DEBUG=1",
					"$(inherited)",
				);
				GCC_WARN_64_TO_32_BIT_CONVERSION = YES;
				GCC_WARN_ABOUT_RETURN_TYPE = YES_ERROR;
				GCC_WARN_UNDECLARED_SELECTOR = YES;
				GCC_WARN_UNINITIALIZED_AUTOS = YES_AGGRESSIVE;
				GCC_WARN_UNUSED_FUNCTION = YES;
				GCC_WARN_UNUSED_VARIABLE = YES;
				IPHONEOS_DEPLOYMENT_TARGET = 17.2;
				LOCALIZATION_PREFERS_STRING_CATALOGS = YES;
				MTL_ENABLE_DEBUG_INFO = INCLUDE_SOURCE;
				MTL_FAST_MATH = YES;
				ONLY_ACTIVE_ARCH = YES;
				SDKROOT = iphoneos;
				SWIFT_ACTIVE_COMPILATION_CONDITIONS = "DEBUG $(inherited)";
				SWIFT_OPTIMIZATION_LEVEL = "-Onone";
			};
			name = Debug;
		};
		941EBFCF2B37C57100F15663 /* Release */ = {
			isa = XCBuildConfiguration;
			buildSettings = {
				ALWAYS_SEARCH_USER_PATHS = NO;
				ASSETCATALOG_COMPILER_GENERATE_SWIFT_ASSET_SYMBOL_EXTENSIONS = YES;
				CLANG_ANALYZER_NONNULL = YES;
				CLANG_ANALYZER_NUMBER_OBJECT_CONVERSION = YES_AGGRESSIVE;
				CLANG_CXX_LANGUAGE_STANDARD = "gnu++20";
				CLANG_ENABLE_MODULES = YES;
				CLANG_ENABLE_OBJC_ARC = YES;
				CLANG_ENABLE_OBJC_WEAK = YES;
				CLANG_WARN_BLOCK_CAPTURE_AUTORELEASING = YES;
				CLANG_WARN_BOOL_CONVERSION = YES;
				CLANG_WARN_COMMA = YES;
				CLANG_WARN_CONSTANT_CONVERSION = YES;
				CLANG_WARN_DEPRECATED_OBJC_IMPLEMENTATIONS = YES;
				CLANG_WARN_DIRECT_OBJC_ISA_USAGE = YES_ERROR;
				CLANG_WARN_DOCUMENTATION_COMMENTS = YES;
				CLANG_WARN_EMPTY_BODY = YES;
				CLANG_WARN_ENUM_CONVERSION = YES;
				CLANG_WARN_INFINITE_RECURSION = YES;
				CLANG_WARN_INT_CONVERSION = YES;
				CLANG_WARN_NON_LITERAL_NULL_CONVERSION = YES;
				CLANG_WARN_OBJC_IMPLICIT_RETAIN_SELF = YES;
				CLANG_WARN_OBJC_LITERAL_CONVERSION = YES;
				CLANG_WARN_OBJC_ROOT_CLASS = YES_ERROR;
				CLANG_WARN_QUOTED_INCLUDE_IN_FRAMEWORK_HEADER = YES;
				CLANG_WARN_RANGE_LOOP_ANALYSIS = YES;
				CLANG_WARN_STRICT_PROTOTYPES = YES;
				CLANG_WARN_SUSPICIOUS_MOVE = YES;
				CLANG_WARN_UNGUARDED_AVAILABILITY = YES_AGGRESSIVE;
				CLANG_WARN_UNREACHABLE_CODE = YES;
				CLANG_WARN__DUPLICATE_METHOD_MATCH = YES;
				COPY_PHASE_STRIP = NO;
				DEBUG_INFORMATION_FORMAT = "dwarf-with-dsym";
				DEVELOPMENT_TEAM = N2AGHPAQM7;
				ENABLE_NS_ASSERTIONS = NO;
				ENABLE_STRICT_OBJC_MSGSEND = YES;
				ENABLE_USER_SCRIPT_SANDBOXING = YES;
				GCC_C_LANGUAGE_STANDARD = gnu17;
				GCC_NO_COMMON_BLOCKS = YES;
				GCC_WARN_64_TO_32_BIT_CONVERSION = YES;
				GCC_WARN_ABOUT_RETURN_TYPE = YES_ERROR;
				GCC_WARN_UNDECLARED_SELECTOR = YES;
				GCC_WARN_UNINITIALIZED_AUTOS = YES_AGGRESSIVE;
				GCC_WARN_UNUSED_FUNCTION = YES;
				GCC_WARN_UNUSED_VARIABLE = YES;
				IPHONEOS_DEPLOYMENT_TARGET = 17.2;
				LOCALIZATION_PREFERS_STRING_CATALOGS = YES;
				MTL_ENABLE_DEBUG_INFO = NO;
				MTL_FAST_MATH = YES;
				SDKROOT = iphoneos;
				SWIFT_COMPILATION_MODE = wholemodule;
				VALIDATE_PRODUCT = YES;
			};
			name = Release;
		};
		941EBFD12B37C57100F15663 /* Debug */ = {
			isa = XCBuildConfiguration;
			buildSettings = {
				ASSETCATALOG_COMPILER_APPICON_NAME = AppIcon;
				ASSETCATALOG_COMPILER_GLOBAL_ACCENT_COLOR_NAME = AccentColor;
				CODE_SIGN_STYLE = Automatic;
				CURRENT_PROJECT_VERSION = 1;
				DEVELOPMENT_ASSET_PATHS = "\"Memorize/Preview Content\"";
				ENABLE_PREVIEWS = YES;
				GENERATE_INFOPLIST_FILE = YES;
				INFOPLIST_KEY_UIApplicationSceneManifest_Generation = YES;
				INFOPLIST_KEY_UIApplicationSupportsIndirectInputEvents = YES;
				INFOPLIST_KEY_UILaunchScreen_Generation = YES;
				INFOPLIST_KEY_UISupportedInterfaceOrientations = "UIInterfaceOrientationLandscapeLeft UIInterfaceOrientationLandscapeRight UIInterfaceOrientationPortrait UIInterfaceOrientationPortraitUpsideDown";
				IPHONEOS_DEPLOYMENT_TARGET = 17.0;
				LD_RUNPATH_SEARCH_PATHS = (
					"$(inherited)",
					"@executable_path/Frameworks",
				);
				MARKETING_VERSION = 1.0;
				PRODUCT_BUNDLE_IDENTIFIER = edu.stanford.cs193p.mcgrathk.Memorize;
				PRODUCT_NAME = "$(TARGET_NAME)";
				SWIFT_EMIT_LOC_STRINGS = YES;
				SWIFT_VERSION = 5.0;
				TARGETED_DEVICE_FAMILY = "1,2";
			};
			name = Debug;
		};
		941EBFD22B37C57100F15663 /* Release */ = {
			isa = XCBuildConfiguration;
			buildSettings = {
				ASSETCATALOG_COMPILER_APPICON_NAME = AppIcon;
				ASSETCATALOG_COMPILER_GLOBAL_ACCENT_COLOR_NAME = AccentColor;
				CODE_SIGN_STYLE = Automatic;
				CURRENT_PROJECT_VERSION = 1;
				DEVELOPMENT_ASSET_PATHS = "\"Memorize/Preview Content\"";
				ENABLE_PREVIEWS = YES;
				GENERATE_INFOPLIST_FILE = YES;
				INFOPLIST_KEY_UIApplicationSceneManifest_Generation = YES;
				INFOPLIST_KEY_UIApplicationSupportsIndirectInputEvents = YES;
				INFOPLIST_KEY_UILaunchScreen_Generation = YES;
				INFOPLIST_KEY_UISupportedInterfaceOrientations = "UIInterfaceOrientationLandscapeLeft UIInterfaceOrientationLandscapeRight UIInterfaceOrientationPortrait UIInterfaceOrientationPortraitUpsideDown";
				IPHONEOS_DEPLOYMENT_TARGET = 17.0;
				LD_RUNPATH_SEARCH_PATHS = (
					"$(inherited)",
					"@executable_path/Frameworks",
				);
				MARKETING_VERSION = 1.0;
				PRODUCT_BUNDLE_IDENTIFIER = edu.stanford.cs193p.mcgrathk.Memorize;
				PRODUCT_NAME = "$(TARGET_NAME)";
				SWIFT_EMIT_LOC_STRINGS = YES;
				SWIFT_VERSION = 5.0;
				TARGETED_DEVICE_FAMILY = "1,2";
			};
			name = Release;
		};
/* End XCBuildConfiguration section */

/* Begin XCConfigurationList section */
		941EBFBD2B37C57000F15663 /* Build configuration list for PBXProject "Memorize" */ = {
			isa = XCConfigurationList;
			buildConfigurations = (
				941EBFCE2B37C57100F15663 /* Debug */,
				941EBFCF2B37C57100F15663 /* Release */,
			);
			defaultConfigurationIsVisible = 0;
			defaultConfigurationName = Release;
		};
		941EBFD02B37C57100F15663 /* Build configuration list for PBXNativeTarget "Memorize" */ = {
			isa = XCConfigurationList;
			buildConfigurations = (
				941EBFD12B37C57100F15663 /* Debug */,
				941EBFD22B37C57100F15663 /* Release */,
			);
			defaultConfigurationIsVisible = 0;
			defaultConfigurationName = Release;
		};
/* End XCConfigurationList section */
	};
	rootObject = 941EBFBA2B37C57000F15663 /* Project object */;
}
